
Microsoft Visual Studio Solution File, Format Version 12.00
# Visual Studio Version 17
VisualStudioVersion = 17.11.34909.67
MinimumVisualStudioVersion = 10.0.40219.1
Project("{9A19103F-16F7-4668-BE54-9A1E7A4F7556}") = "TechStudy", "TechStudy\TechStudy.csproj", "{90F2B0BA-5E68-48C8-92D0-4D63A7CF1F65}"
EndProject
Project("{9A19103F-16F7-4668-BE54-9A1E7A4F7556}") = "TechStudy.RazorPages", "TechStudy.RazorPages\TechStudy.RazorPages.csproj", "{330A9D38-801F-420C-9D69-233FB5360741}"
EndProject
Project("{E53339B2-1760-4266-BCC7-CA923CBCF16C}") = "docker-compose", "docker-compose.dcproj", "{3BA1015B-BAF7-44AC-B97D-70CBF0B88D23}"
EndProject
Global
	GlobalSection(SolutionConfigurationPlatforms) = preSolution
		Debug|Any CPU = Debug|Any CPU
		Release|Any CPU = Release|Any CPU
	EndGlobalSection
	GlobalSection(ProjectConfigurationPlatforms) = postSolution
		{90F2B0BA-5E68-48C8-92D0-4D63A7CF1F65}.Debug|Any CPU.ActiveCfg = Debug|Any CPU
		{90F2B0BA-5E68-48C8-92D0-4D63A7CF1F65}.Debug|Any CPU.Build.0 = Debug|Any CPU
		{90F2B0BA-5E68-48C8-92D0-4D63A7CF1F65}.Release|Any CPU.ActiveCfg = Release|Any CPU
		{90F2B0BA-5E68-48C8-92D0-4D63A7CF1F65}.Release|Any CPU.Build.0 = Release|Any CPU
		{330A9D38-801F-420C-9D69-233FB5360741}.Debug|Any CPU.ActiveCfg = Debug|Any CPU
		{330A9D38-801F-420C-9D69-233FB5360741}.Debug|Any CPU.Build.0 = Debug|Any CPU
		{330A9D38-801F-420C-9D69-233FB5360741}.Release|Any CPU.ActiveCfg = Release|Any CPU
		{330A9D38-801F-420C-9D69-233FB5360741}.Release|Any CPU.Build.0 = Release|Any CPU
		{3BA1015B-BAF7-44AC-B97D-70CBF0B88D23}.Debug|Any CPU.ActiveCfg = Debug|Any CPU
		{3BA1015B-BAF7-44AC-B97D-70CBF0B88D23}.Debug|Any CPU.Build.0 = Debug|Any CPU
		{3BA1015B-BAF7-44AC-B97D-70CBF0B88D23}.Release|Any CPU.ActiveCfg = Release|Any CPU
		{3BA1015B-BAF7-44AC-B97D-70CBF0B88D23}.Release|Any CPU.Build.0 = Release|Any CPU
	EndGlobalSection
	GlobalSection(SolutionProperties) = preSolution
		HideSolutionNode = FALSE
	EndGlobalSection
	GlobalSection(ExtensibilityGlobals) = postSolution
		SolutionGuid = {38C49E1D-75A6-4E46-836E-37355C1015EA}
	EndGlobalSection
EndGlobal
